// !$*UTF8*$!
{
	archiveVersion = 1;
	classes = {
	};
	objectVersion = 50;
	objects = {

/* Begin PBXBuildFile section */
		B764B55D270E70FD00726E15 /* AppDelegate.swift in Sources */ = {isa = PBXBuildFile; fileRef = B764B55C270E70FD00726E15 /* AppDelegate.swift */; };
		B764B55F270E70FD00726E15 /* SceneDelegate.swift in Sources */ = {isa = PBXBuildFile; fileRef = B764B55E270E70FD00726E15 /* SceneDelegate.swift */; };
		B764B561270E70FD00726E15 /* ViewController.swift in Sources */ = {isa = PBXBuildFile; fileRef = B764B560270E70FD00726E15 /* ViewController.swift */; };
		B764B564270E70FD00726E15 /* Main.storyboard in Resources */ = {isa = PBXBuildFile; fileRef = B764B562270E70FD00726E15 /* Main.storyboard */; };
		B764B566270E70FD00726E15 /* Assets.xcassets in Resources */ = {isa = PBXBuildFile; fileRef = B764B565270E70FD00726E15 /* Assets.xcassets */; };
		B764B569270E70FD00726E15 /* LaunchScreen.storyboard in Resources */ = {isa = PBXBuildFile; fileRef = B764B567270E70FD00726E15 /* LaunchScreen.storyboard */; };
		B764B573270E728900726E15 /* MotionModel.swift in Sources */ = {isa = PBXBuildFile; fileRef = B764B572270E728900726E15 /* MotionModel.swift */; };
		B764B575270E72B500726E15 /* ActivityModel.swift in Sources */ = {isa = PBXBuildFile; fileRef = B764B574270E72B500726E15 /* ActivityModel.swift */; };
		FD57286927110C3900809AD7 /* BlockBase.swift in Sources */ = {isa = PBXBuildFile; fileRef = FD57286827110C3900809AD7 /* BlockBase.swift */; };
		FD57286B2711116E00809AD7 /* TBlock.swift in Sources */ = {isa = PBXBuildFile; fileRef = FD57286A2711116E00809AD7 /* TBlock.swift */; };
		FD57286D271127B200809AD7 /* SBlock.swift in Sources */ = {isa = PBXBuildFile; fileRef = FD57286C271127B200809AD7 /* SBlock.swift */; };
		FD57286F2711431200809AD7 /* RSBlock.swift in Sources */ = {isa = PBXBuildFile; fileRef = FD57286E2711431200809AD7 /* RSBlock.swift */; };
		FD572872271144A400809AD7 /* LBlock.swift in Sources */ = {isa = PBXBuildFile; fileRef = FD572871271144A400809AD7 /* LBlock.swift */; };
		FD572874271149B500809AD7 /* RLBlock.swift in Sources */ = {isa = PBXBuildFile; fileRef = FD572873271149B500809AD7 /* RLBlock.swift */; };
		FD57287627114A7500809AD7 /* SqBlock.swift in Sources */ = {isa = PBXBuildFile; fileRef = FD57287527114A7500809AD7 /* SqBlock.swift */; };
		FDFA288B270E7CB400D45C9F /* GameViewController.swift in Sources */ = {isa = PBXBuildFile; fileRef = FDFA288A270E7CB400D45C9F /* GameViewController.swift */; };
		FDFA288D270E7E0300D45C9F /* GameScene.swift in Sources */ = {isa = PBXBuildFile; fileRef = FDFA288C270E7E0300D45C9F /* GameScene.swift */; };
		FDFA28912710B92700D45C9F /* BlockGenerator.swift in Sources */ = {isa = PBXBuildFile; fileRef = FDFA28902710B92700D45C9F /* BlockGenerator.swift */; };
		FDFA28932710B94200D45C9F /* LineBlock.swift in Sources */ = {isa = PBXBuildFile; fileRef = FDFA28922710B94200D45C9F /* LineBlock.swift */; };
/* End PBXBuildFile section */

/* Begin PBXFileReference section */
		B764B559270E70FD00726E15 /* MotionLab.app */ = {isa = PBXFileReference; explicitFileType = wrapper.application; includeInIndex = 0; path = MotionLab.app; sourceTree = BUILT_PRODUCTS_DIR; };
		B764B55C270E70FD00726E15 /* AppDelegate.swift */ = {isa = PBXFileReference; lastKnownFileType = sourcecode.swift; path = AppDelegate.swift; sourceTree = "<group>"; };
		B764B55E270E70FD00726E15 /* SceneDelegate.swift */ = {isa = PBXFileReference; lastKnownFileType = sourcecode.swift; path = SceneDelegate.swift; sourceTree = "<group>"; };
		B764B560270E70FD00726E15 /* ViewController.swift */ = {isa = PBXFileReference; lastKnownFileType = sourcecode.swift; path = ViewController.swift; sourceTree = "<group>"; };
		B764B563270E70FD00726E15 /* Base */ = {isa = PBXFileReference; lastKnownFileType = file.storyboard; name = Base; path = Base.lproj/Main.storyboard; sourceTree = "<group>"; };
		B764B565270E70FD00726E15 /* Assets.xcassets */ = {isa = PBXFileReference; lastKnownFileType = folder.assetcatalog; path = Assets.xcassets; sourceTree = "<group>"; };
		B764B568270E70FD00726E15 /* Base */ = {isa = PBXFileReference; lastKnownFileType = file.storyboard; name = Base; path = Base.lproj/LaunchScreen.storyboard; sourceTree = "<group>"; };
		B764B56A270E70FD00726E15 /* Info.plist */ = {isa = PBXFileReference; lastKnownFileType = text.plist.xml; path = Info.plist; sourceTree = "<group>"; };
		B764B572270E728900726E15 /* MotionModel.swift */ = {isa = PBXFileReference; lastKnownFileType = sourcecode.swift; path = MotionModel.swift; sourceTree = "<group>"; };
		B764B574270E72B500726E15 /* ActivityModel.swift */ = {isa = PBXFileReference; lastKnownFileType = sourcecode.swift; path = ActivityModel.swift; sourceTree = "<group>"; };
		FD57286827110C3900809AD7 /* BlockBase.swift */ = {isa = PBXFileReference; lastKnownFileType = sourcecode.swift; path = BlockBase.swift; sourceTree = "<group>"; };
		FD57286A2711116E00809AD7 /* TBlock.swift */ = {isa = PBXFileReference; lastKnownFileType = sourcecode.swift; path = TBlock.swift; sourceTree = "<group>"; };
		FD57286C271127B200809AD7 /* SBlock.swift */ = {isa = PBXFileReference; lastKnownFileType = sourcecode.swift; path = SBlock.swift; sourceTree = "<group>"; };
		FD57286E2711431200809AD7 /* RSBlock.swift */ = {isa = PBXFileReference; lastKnownFileType = sourcecode.swift; path = RSBlock.swift; sourceTree = "<group>"; };
		FD572871271144A400809AD7 /* LBlock.swift */ = {isa = PBXFileReference; lastKnownFileType = sourcecode.swift; path = LBlock.swift; sourceTree = "<group>"; };
		FD572873271149B500809AD7 /* RLBlock.swift */ = {isa = PBXFileReference; lastKnownFileType = sourcecode.swift; path = RLBlock.swift; sourceTree = "<group>"; };
		FD57287527114A7500809AD7 /* SqBlock.swift */ = {isa = PBXFileReference; lastKnownFileType = sourcecode.swift; path = SqBlock.swift; sourceTree = "<group>"; };
		FDFA288A270E7CB400D45C9F /* GameViewController.swift */ = {isa = PBXFileReference; lastKnownFileType = sourcecode.swift; path = GameViewController.swift; sourceTree = "<group>"; };
		FDFA288C270E7E0300D45C9F /* GameScene.swift */ = {isa = PBXFileReference; lastKnownFileType = sourcecode.swift; path = GameScene.swift; sourceTree = "<group>"; };
		FDFA28902710B92700D45C9F /* BlockGenerator.swift */ = {isa = PBXFileReference; lastKnownFileType = sourcecode.swift; path = BlockGenerator.swift; sourceTree = "<group>"; };
		FDFA28922710B94200D45C9F /* LineBlock.swift */ = {isa = PBXFileReference; lastKnownFileType = sourcecode.swift; path = LineBlock.swift; sourceTree = "<group>"; };
/* End PBXFileReference section */

/* Begin PBXFrameworksBuildPhase section */
		B764B556270E70FC00726E15 /* Frameworks */ = {
			isa = PBXFrameworksBuildPhase;
			buildActionMask = 2147483647;
			files = (
			);
			runOnlyForDeploymentPostprocessing = 0;
		};
/* End PBXFrameworksBuildPhase section */

/* Begin PBXGroup section */
		B764B550270E70FC00726E15 = {
			isa = PBXGroup;
			children = (
				B764B55B270E70FD00726E15 /* MotionLab */,
				B764B55A270E70FD00726E15 /* Products */,
			);
			sourceTree = "<group>";
		};
		B764B55A270E70FD00726E15 /* Products */ = {
			isa = PBXGroup;
			children = (
				B764B559270E70FD00726E15 /* MotionLab.app */,
			);
			name = Products;
			sourceTree = "<group>";
		};
		B764B55B270E70FD00726E15 /* MotionLab */ = {
			isa = PBXGroup;
			children = (
				B764B55C270E70FD00726E15 /* AppDelegate.swift */,
				B764B55E270E70FD00726E15 /* SceneDelegate.swift */,
				B764B560270E70FD00726E15 /* ViewController.swift */,
				B764B562270E70FD00726E15 /* Main.storyboard */,
				B764B565270E70FD00726E15 /* Assets.xcassets */,
				B764B567270E70FD00726E15 /* LaunchScreen.storyboard */,
				B764B56A270E70FD00726E15 /* Info.plist */,
				B764B572270E728900726E15 /* MotionModel.swift */,
				B764B574270E72B500726E15 /* ActivityModel.swift */,
				FDFA288A270E7CB400D45C9F /* GameViewController.swift */,
				FDFA288C270E7E0300D45C9F /* GameScene.swift */,
				FDFA28902710B92700D45C9F /* BlockGenerator.swift */,
				FD5728702711440A00809AD7 /* Blocks */,
			);
			path = MotionLab;
			sourceTree = "<group>";
		};
		FD5728702711440A00809AD7 /* Blocks */ = {
			isa = PBXGroup;
			children = (
				FD57286827110C3900809AD7 /* BlockBase.swift */,
				FDFA28922710B94200D45C9F /* LineBlock.swift */,
				FD57286A2711116E00809AD7 /* TBlock.swift */,
				FD57286C271127B200809AD7 /* SBlock.swift */,
				FD57286E2711431200809AD7 /* RSBlock.swift */,
				FD572871271144A400809AD7 /* LBlock.swift */,
				FD572873271149B500809AD7 /* RLBlock.swift */,
				FD57287527114A7500809AD7 /* SqBlock.swift */,
			);
			path = Blocks;
			sourceTree = "<group>";
		};
/* End PBXGroup section */

/* Begin PBXNativeTarget section */
		B764B558270E70FC00726E15 /* MotionLab */ = {
			isa = PBXNativeTarget;
			buildConfigurationList = B764B56D270E70FD00726E15 /* Build configuration list for PBXNativeTarget "MotionLab" */;
			buildPhases = (
				B764B555270E70FC00726E15 /* Sources */,
				B764B556270E70FC00726E15 /* Frameworks */,
				B764B557270E70FC00726E15 /* Resources */,
			);
			buildRules = (
			);
			dependencies = (
			);
			name = MotionLab;
			productName = MotionLab;
			productReference = B764B559270E70FD00726E15 /* MotionLab.app */;
			productType = "com.apple.product-type.application";
		};
/* End PBXNativeTarget section */

/* Begin PBXProject section */
		B764B551270E70FC00726E15 /* Project object */ = {
			isa = PBXProject;
			attributes = {
				LastSwiftUpdateCheck = 1250;
				LastUpgradeCheck = 1250;
				TargetAttributes = {
					B764B558270E70FC00726E15 = {
						CreatedOnToolsVersion = 12.5.1;
					};
				};
			};
			buildConfigurationList = B764B554270E70FC00726E15 /* Build configuration list for PBXProject "MotionLab" */;
			compatibilityVersion = "Xcode 9.3";
			developmentRegion = en;
			hasScannedForEncodings = 0;
			knownRegions = (
				en,
				Base,
			);
			mainGroup = B764B550270E70FC00726E15;
			productRefGroup = B764B55A270E70FD00726E15 /* Products */;
			projectDirPath = "";
			projectRoot = "";
			targets = (
				B764B558270E70FC00726E15 /* MotionLab */,
			);
		};
/* End PBXProject section */

/* Begin PBXResourcesBuildPhase section */
		B764B557270E70FC00726E15 /* Resources */ = {
			isa = PBXResourcesBuildPhase;
			buildActionMask = 2147483647;
			files = (
				B764B569270E70FD00726E15 /* LaunchScreen.storyboard in Resources */,
				B764B566270E70FD00726E15 /* Assets.xcassets in Resources */,
				B764B564270E70FD00726E15 /* Main.storyboard in Resources */,
			);
			runOnlyForDeploymentPostprocessing = 0;
		};
/* End PBXResourcesBuildPhase section */

/* Begin PBXSourcesBuildPhase section */
		B764B555270E70FC00726E15 /* Sources */ = {
			isa = PBXSourcesBuildPhase;
			buildActionMask = 2147483647;
			files = (
				FD57286927110C3900809AD7 /* BlockBase.swift in Sources */,
				FD57286D271127B200809AD7 /* SBlock.swift in Sources */,
				FDFA28932710B94200D45C9F /* LineBlock.swift in Sources */,
				B764B575270E72B500726E15 /* ActivityModel.swift in Sources */,
				FDFA28912710B92700D45C9F /* BlockGenerator.swift in Sources */,
				B764B561270E70FD00726E15 /* ViewController.swift in Sources */,
				B764B55D270E70FD00726E15 /* AppDelegate.swift in Sources */,
				FD57287627114A7500809AD7 /* SqBlock.swift in Sources */,
				B764B55F270E70FD00726E15 /* SceneDelegate.swift in Sources */,
				FDFA288B270E7CB400D45C9F /* GameViewController.swift in Sources */,
				FD57286B2711116E00809AD7 /* TBlock.swift in Sources */,
				FD572874271149B500809AD7 /* RLBlock.swift in Sources */,
				FDFA288D270E7E0300D45C9F /* GameScene.swift in Sources */,
				B764B573270E728900726E15 /* MotionModel.swift in Sources */,
				FD572872271144A400809AD7 /* LBlock.swift in Sources */,
				FD57286F2711431200809AD7 /* RSBlock.swift in Sources */,
			);
			runOnlyForDeploymentPostprocessing = 0;
		};
/* End PBXSourcesBuildPhase section */

/* Begin PBXVariantGroup section */
		B764B562270E70FD00726E15 /* Main.storyboard */ = {
			isa = PBXVariantGroup;
			children = (
				B764B563270E70FD00726E15 /* Base */,
			);
			name = Main.storyboard;
			sourceTree = "<group>";
		};
		B764B567270E70FD00726E15 /* LaunchScreen.storyboard */ = {
			isa = PBXVariantGroup;
			children = (
				B764B568270E70FD00726E15 /* Base */,
			);
			name = LaunchScreen.storyboard;
			sourceTree = "<group>";
		};
/* End PBXVariantGroup section */

/* Begin XCBuildConfiguration section */
		B764B56B270E70FD00726E15 /* Debug */ = {
			isa = XCBuildConfiguration;
			buildSettings = {
				ALWAYS_SEARCH_USER_PATHS = NO;
				CLANG_ANALYZER_NONNULL = YES;
				CLANG_ANALYZER_NUMBER_OBJECT_CONVERSION = YES_AGGRESSIVE;
				CLANG_CXX_LANGUAGE_STANDARD = "gnu++14";
				CLANG_CXX_LIBRARY = "libc++";
				CLANG_ENABLE_MODULES = YES;
				CLANG_ENABLE_OBJC_ARC = YES;
				CLANG_ENABLE_OBJC_WEAK = YES;
				CLANG_WARN_BLOCK_CAPTURE_AUTORELEASING = YES;
				CLANG_WARN_BOOL_CONVERSION = YES;
				CLANG_WARN_COMMA = YES;
				CLANG_WARN_CONSTANT_CONVERSION = YES;
				CLANG_WARN_DEPRECATED_OBJC_IMPLEMENTATIONS = YES;
				CLANG_WARN_DIRECT_OBJC_ISA_USAGE = YES_ERROR;
				CLANG_WARN_DOCUMENTATION_COMMENTS = YES;
				CLANG_WARN_EMPTY_BODY = YES;
				CLANG_WARN_ENUM_CONVERSION = YES;
				CLANG_WARN_INFINITE_RECURSION = YES;
				CLANG_WARN_INT_CONVERSION = YES;
				CLANG_WARN_NON_LITERAL_NULL_CONVERSION = YES;
				CLANG_WARN_OBJC_IMPLICIT_RETAIN_SELF = YES;
				CLANG_WARN_OBJC_LITERAL_CONVERSION = YES;
				CLANG_WARN_OBJC_ROOT_CLASS = YES_ERROR;
				CLANG_WARN_QUOTED_INCLUDE_IN_FRAMEWORK_HEADER = YES;
				CLANG_WARN_RANGE_LOOP_ANALYSIS = YES;
				CLANG_WARN_STRICT_PROTOTYPES = YES;
				CLANG_WARN_SUSPICIOUS_MOVE = YES;
				CLANG_WARN_UNGUARDED_AVAILABILITY = YES_AGGRESSIVE;
				CLANG_WARN_UNREACHABLE_CODE = YES;
				CLANG_WARN__DUPLICATE_METHOD_MATCH = YES;
				COPY_PHASE_STRIP = NO;
				DEBUG_INFORMATION_FORMAT = dwarf;
				ENABLE_STRICT_OBJC_MSGSEND = YES;
				ENABLE_TESTABILITY = YES;
				GCC_C_LANGUAGE_STANDARD = gnu11;
				GCC_DYNAMIC_NO_PIC = NO;
				GCC_NO_COMMON_BLOCKS = YES;
				GCC_OPTIMIZATION_LEVEL = 0;
				GCC_PREPROCESSOR_DEFINITIONS = (
					"DEBUG=1",
					"$(inherited)",
				);
				GCC_WARN_64_TO_32_BIT_CONVERSION = YES;
				GCC_WARN_ABOUT_RETURN_TYPE = YES_ERROR;
				GCC_WARN_UNDECLARED_SELECTOR = YES;
				GCC_WARN_UNINITIALIZED_AUTOS = YES_AGGRESSIVE;
				GCC_WARN_UNUSED_FUNCTION = YES;
				GCC_WARN_UNUSED_VARIABLE = YES;
				IPHONEOS_DEPLOYMENT_TARGET = 14.5;
				MTL_ENABLE_DEBUG_INFO = INCLUDE_SOURCE;
				MTL_FAST_MATH = YES;
				ONLY_ACTIVE_ARCH = YES;
				SDKROOT = iphoneos;
				SWIFT_ACTIVE_COMPILATION_CONDITIONS = DEBUG;
				SWIFT_OPTIMIZATION_LEVEL = "-Onone";
			};
			name = Debug;
		};
		B764B56C270E70FD00726E15 /* Release */ = {
			isa = XCBuildConfiguration;
			buildSettings = {
				ALWAYS_SEARCH_USER_PATHS = NO;
				CLANG_ANALYZER_NONNULL = YES;
				CLANG_ANALYZER_NUMBER_OBJECT_CONVERSION = YES_AGGRESSIVE;
				CLANG_CXX_LANGUAGE_STANDARD = "gnu++14";
				CLANG_CXX_LIBRARY = "libc++";
				CLANG_ENABLE_MODULES = YES;
				CLANG_ENABLE_OBJC_ARC = YES;
				CLANG_ENABLE_OBJC_WEAK = YES;
				CLANG_WARN_BLOCK_CAPTURE_AUTORELEASING = YES;
				CLANG_WARN_BOOL_CONVERSION = YES;
				CLANG_WARN_COMMA = YES;
				CLANG_WARN_CONSTANT_CONVERSION = YES;
				CLANG_WARN_DEPRECATED_OBJC_IMPLEMENTATIONS = YES;
				CLANG_WARN_DIRECT_OBJC_ISA_USAGE = YES_ERROR;
				CLANG_WARN_DOCUMENTATION_COMMENTS = YES;
				CLANG_WARN_EMPTY_BODY = YES;
				CLANG_WARN_ENUM_CONVERSION = YES;
				CLANG_WARN_INFINITE_RECURSION = YES;
				CLANG_WARN_INT_CONVERSION = YES;
				CLANG_WARN_NON_LITERAL_NULL_CONVERSION = YES;
				CLANG_WARN_OBJC_IMPLICIT_RETAIN_SELF = YES;
				CLANG_WARN_OBJC_LITERAL_CONVERSION = YES;
				CLANG_WARN_OBJC_ROOT_CLASS = YES_ERROR;
				CLANG_WARN_QUOTED_INCLUDE_IN_FRAMEWORK_HEADER = YES;
				CLANG_WARN_RANGE_LOOP_ANALYSIS = YES;
				CLANG_WARN_STRICT_PROTOTYPES = YES;
				CLANG_WARN_SUSPICIOUS_MOVE = YES;
				CLANG_WARN_UNGUARDED_AVAILABILITY = YES_AGGRESSIVE;
				CLANG_WARN_UNREACHABLE_CODE = YES;
				CLANG_WARN__DUPLICATE_METHOD_MATCH = YES;
				COPY_PHASE_STRIP = NO;
				DEBUG_INFORMATION_FORMAT = "dwarf-with-dsym";
				ENABLE_NS_ASSERTIONS = NO;
				ENABLE_STRICT_OBJC_MSGSEND = YES;
				GCC_C_LANGUAGE_STANDARD = gnu11;
				GCC_NO_COMMON_BLOCKS = YES;
				GCC_WARN_64_TO_32_BIT_CONVERSION = YES;
				GCC_WARN_ABOUT_RETURN_TYPE = YES_ERROR;
				GCC_WARN_UNDECLARED_SELECTOR = YES;
				GCC_WARN_UNINITIALIZED_AUTOS = YES_AGGRESSIVE;
				GCC_WARN_UNUSED_FUNCTION = YES;
				GCC_WARN_UNUSED_VARIABLE = YES;
				IPHONEOS_DEPLOYMENT_TARGET = 14.5;
				MTL_ENABLE_DEBUG_INFO = NO;
				MTL_FAST_MATH = YES;
				SDKROOT = iphoneos;
				SWIFT_COMPILATION_MODE = wholemodule;
				SWIFT_OPTIMIZATION_LEVEL = "-O";
				VALIDATE_PRODUCT = YES;
			};
			name = Release;
		};
		B764B56E270E70FD00726E15 /* Debug */ = {
			isa = XCBuildConfiguration;
			buildSettings = {
				ASSETCATALOG_COMPILER_APPICON_NAME = AppIcon;
				ASSETCATALOG_COMPILER_GLOBAL_ACCENT_COLOR_NAME = AccentColor;
				CODE_SIGN_STYLE = Automatic;
				DEVELOPMENT_TEAM = XGS97V26UJ;
				INFOPLIST_FILE = MotionLab/Info.plist;
				IPHONEOS_DEPLOYMENT_TARGET = 14.5;
				LD_RUNPATH_SEARCH_PATHS = (
					"$(inherited)",
					"@executable_path/Frameworks",
				);
				PRODUCT_BUNDLE_IDENTIFIER = SMUNick.motionLabd;
				PRODUCT_NAME = "$(TARGET_NAME)";
				SWIFT_VERSION = 5.0;
				TARGETED_DEVICE_FAMILY = "1,2";
			};
			name = Debug;
		};
		B764B56F270E70FD00726E15 /* Release */ = {
			isa = XCBuildConfiguration;
			buildSettings = {
				ASSETCATALOG_COMPILER_APPICON_NAME = AppIcon;
				ASSETCATALOG_COMPILER_GLOBAL_ACCENT_COLOR_NAME = AccentColor;
				CODE_SIGN_STYLE = Automatic;
				DEVELOPMENT_TEAM = XGS97V26UJ;
				INFOPLIST_FILE = MotionLab/Info.plist;
				IPHONEOS_DEPLOYMENT_TARGET = 14.5;
				LD_RUNPATH_SEARCH_PATHS = (
					"$(inherited)",
					"@executable_path/Frameworks",
				);
				PRODUCT_BUNDLE_IDENTIFIER = SMUNick.motionLabd;
				PRODUCT_NAME = "$(TARGET_NAME)";
				SWIFT_VERSION = 5.0;
				TARGETED_DEVICE_FAMILY = "1,2";
			};
			name = Release;
		};
/* End XCBuildConfiguration section */

/* Begin XCConfigurationList section */
		B764B554270E70FC00726E15 /* Build configuration list for PBXProject "MotionLab" */ = {
			isa = XCConfigurationList;
			buildConfigurations = (
				B764B56B270E70FD00726E15 /* Debug */,
				B764B56C270E70FD00726E15 /* Release */,
			);
			defaultConfigurationIsVisible = 0;
			defaultConfigurationName = Release;
		};
		B764B56D270E70FD00726E15 /* Build configuration list for PBXNativeTarget "MotionLab" */ = {
			isa = XCConfigurationList;
			buildConfigurations = (
				B764B56E270E70FD00726E15 /* Debug */,
				B764B56F270E70FD00726E15 /* Release */,
			);
			defaultConfigurationIsVisible = 0;
			defaultConfigurationName = Release;
		};
/* End XCConfigurationList section */
	};
	rootObject = B764B551270E70FC00726E15 /* Project object */;
}
